// !$*UTF8*$!
{
	archiveVersion = 1;
	classes = {
	};
	objectVersion = 50;
	objects = {

/* Begin PBXBuildFile section */
		46C306BA2631CB9E0022493F /* AppDelegate.swift in Sources */ = {isa = PBXBuildFile; fileRef = 46C306B92631CB9E0022493F /* AppDelegate.swift */; };
		46C306BC2631CB9E0022493F /* SceneDelegate.swift in Sources */ = {isa = PBXBuildFile; fileRef = 46C306BB2631CB9E0022493F /* SceneDelegate.swift */; };
		46C306C12631CB9E0022493F /* Main.storyboard in Resources */ = {isa = PBXBuildFile; fileRef = 46C306BF2631CB9E0022493F /* Main.storyboard */; };
		46C306C32631CBA00022493F /* Assets.xcassets in Resources */ = {isa = PBXBuildFile; fileRef = 46C306C22631CBA00022493F /* Assets.xcassets */; };
		46C306C62631CBA00022493F /* LaunchScreen.storyboard in Resources */ = {isa = PBXBuildFile; fileRef = 46C306C42631CBA00022493F /* LaunchScreen.storyboard */; };
		46C306DF2631DF360022493F /* FCBHomeFoodService.swift in Sources */ = {isa = PBXBuildFile; fileRef = 46C306DE2631DF360022493F /* FCBHomeFoodService.swift */; };
		46C306E62631DF660022493F /* FCBSearchFoodService.swift in Sources */ = {isa = PBXBuildFile; fileRef = 46C306E52631DF660022493F /* FCBSearchFoodService.swift */; };
		46C306E92631DF790022493F /* FCBSearchModel.swift in Sources */ = {isa = PBXBuildFile; fileRef = 46C306E82631DF790022493F /* FCBSearchModel.swift */; };
		46C306FC2632B9CB0022493F /* FCBHomeCollectionViewController.swift in Sources */ = {isa = PBXBuildFile; fileRef = 46C306FB2632B9CB0022493F /* FCBHomeCollectionViewController.swift */; };
		46C307012632BA240022493F /* FCBHomeProductCollectionViewCell.swift in Sources */ = {isa = PBXBuildFile; fileRef = 46C307002632BA240022493F /* FCBHomeProductCollectionViewCell.swift */; };
		46C307052632C27F0022493F /* FCBFoodDetailsViewController.swift in Sources */ = {isa = PBXBuildFile; fileRef = 46C307042632C27F0022493F /* FCBFoodDetailsViewController.swift */; };
		46C3071C2632D97D0022493F /* FCBNetworkReachabilityManager.swift in Sources */ = {isa = PBXBuildFile; fileRef = 46C3071B2632D97D0022493F /* FCBNetworkReachabilityManager.swift */; };
		46C3071F2632D9A00022493F /* UIImageView+Extensions.swift in Sources */ = {isa = PBXBuildFile; fileRef = 46C3071E2632D9A00022493F /* UIImageView+Extensions.swift */; };
		46C307222632D9C80022493F /* FCBEndPoints.swift in Sources */ = {isa = PBXBuildFile; fileRef = 46C307212632D9C80022493F /* FCBEndPoints.swift */; };
		46C307332632E17A0022493F /* FCBNetworkManager.swift in Sources */ = {isa = PBXBuildFile; fileRef = 46C307322632E17A0022493F /* FCBNetworkManager.swift */; };
		46C307422632E7860022493F /* FCBFoodCategoriesModel.swift in Sources */ = {isa = PBXBuildFile; fileRef = 46C307412632E7860022493F /* FCBFoodCategoriesModel.swift */; };
		46C3074B26330B400022493F /* FCBCategoryService.swift in Sources */ = {isa = PBXBuildFile; fileRef = 46C3074A26330B400022493F /* FCBCategoryService.swift */; };
		46C3075426330EE80022493F /* FCBStrings.swift in Sources */ = {isa = PBXBuildFile; fileRef = 46C3075326330EE80022493F /* FCBStrings.swift */; };
		46C30757263311190022493F /* FCBHomeMealModel.swift in Sources */ = {isa = PBXBuildFile; fileRef = 46C30756263311190022493F /* FCBHomeMealModel.swift */; };
		46C30783263322B70022493F /* FCBDBHelper.swift in Sources */ = {isa = PBXBuildFile; fileRef = 46C30782263322B70022493F /* FCBDBHelper.swift */; };
		46C30787263340FB0022493F /* FCBSearchViewController.swift in Sources */ = {isa = PBXBuildFile; fileRef = 46C30786263340FB0022493F /* FCBSearchViewController.swift */; };
		4798C5C9F406D5A31D22A74A /* Pods_Foody_Cook_Book.framework in Frameworks */ = {isa = PBXBuildFile; fileRef = CCE46E6C0A02FD8890C7EB3D /* Pods_Foody_Cook_Book.framework */; };
/* End PBXBuildFile section */

/* Begin PBXFileReference section */
		29871CA480A931A430C8494D /* Pods-Foody Cook Book.debug.xcconfig */ = {isa = PBXFileReference; includeInIndex = 1; lastKnownFileType = text.xcconfig; name = "Pods-Foody Cook Book.debug.xcconfig"; path = "Pods/Target Support Files/Pods-Foody Cook Book/Pods-Foody Cook Book.debug.xcconfig"; sourceTree = "<group>"; };
		46C306B62631CB9E0022493F /* Foody Cook Book.app */ = {isa = PBXFileReference; explicitFileType = wrapper.application; includeInIndex = 0; path = "Foody Cook Book.app"; sourceTree = BUILT_PRODUCTS_DIR; };
		46C306B92631CB9E0022493F /* AppDelegate.swift */ = {isa = PBXFileReference; lastKnownFileType = sourcecode.swift; path = AppDelegate.swift; sourceTree = "<group>"; };
		46C306BB2631CB9E0022493F /* SceneDelegate.swift */ = {isa = PBXFileReference; lastKnownFileType = sourcecode.swift; path = SceneDelegate.swift; sourceTree = "<group>"; };
		46C306C02631CB9E0022493F /* Base */ = {isa = PBXFileReference; lastKnownFileType = file.storyboard; name = Base; path = Base.lproj/Main.storyboard; sourceTree = "<group>"; };
		46C306C22631CBA00022493F /* Assets.xcassets */ = {isa = PBXFileReference; lastKnownFileType = folder.assetcatalog; path = Assets.xcassets; sourceTree = "<group>"; };
		46C306C52631CBA00022493F /* Base */ = {isa = PBXFileReference; lastKnownFileType = file.storyboard; name = Base; path = Base.lproj/LaunchScreen.storyboard; sourceTree = "<group>"; };
		46C306C72631CBA00022493F /* Info.plist */ = {isa = PBXFileReference; lastKnownFileType = text.plist.xml; path = Info.plist; sourceTree = "<group>"; };
		46C306DE2631DF360022493F /* FCBHomeFoodService.swift */ = {isa = PBXFileReference; lastKnownFileType = sourcecode.swift; path = FCBHomeFoodService.swift; sourceTree = "<group>"; };
		46C306E52631DF660022493F /* FCBSearchFoodService.swift */ = {isa = PBXFileReference; lastKnownFileType = sourcecode.swift; path = FCBSearchFoodService.swift; sourceTree = "<group>"; };
		46C306E82631DF790022493F /* FCBSearchModel.swift */ = {isa = PBXFileReference; lastKnownFileType = sourcecode.swift; path = FCBSearchModel.swift; sourceTree = "<group>"; };
		46C306FB2632B9CB0022493F /* FCBHomeCollectionViewController.swift */ = {isa = PBXFileReference; lastKnownFileType = sourcecode.swift; path = FCBHomeCollectionViewController.swift; sourceTree = "<group>"; };
		46C307002632BA240022493F /* FCBHomeProductCollectionViewCell.swift */ = {isa = PBXFileReference; lastKnownFileType = sourcecode.swift; path = FCBHomeProductCollectionViewCell.swift; sourceTree = "<group>"; };
		46C307042632C27F0022493F /* FCBFoodDetailsViewController.swift */ = {isa = PBXFileReference; lastKnownFileType = sourcecode.swift; path = FCBFoodDetailsViewController.swift; sourceTree = "<group>"; };
		46C3071B2632D97D0022493F /* FCBNetworkReachabilityManager.swift */ = {isa = PBXFileReference; lastKnownFileType = sourcecode.swift; path = FCBNetworkReachabilityManager.swift; sourceTree = "<group>"; };
		46C3071E2632D9A00022493F /* UIImageView+Extensions.swift */ = {isa = PBXFileReference; lastKnownFileType = sourcecode.swift; path = "UIImageView+Extensions.swift"; sourceTree = "<group>"; };
		46C307212632D9C80022493F /* FCBEndPoints.swift */ = {isa = PBXFileReference; lastKnownFileType = sourcecode.swift; path = FCBEndPoints.swift; sourceTree = "<group>"; };
		46C307322632E17A0022493F /* FCBNetworkManager.swift */ = {isa = PBXFileReference; lastKnownFileType = sourcecode.swift; path = FCBNetworkManager.swift; sourceTree = "<group>"; };
		46C307412632E7860022493F /* FCBFoodCategoriesModel.swift */ = {isa = PBXFileReference; lastKnownFileType = sourcecode.swift; path = FCBFoodCategoriesModel.swift; sourceTree = "<group>"; };
		46C3074A26330B400022493F /* FCBCategoryService.swift */ = {isa = PBXFileReference; lastKnownFileType = sourcecode.swift; path = FCBCategoryService.swift; sourceTree = "<group>"; };
		46C3075326330EE80022493F /* FCBStrings.swift */ = {isa = PBXFileReference; lastKnownFileType = sourcecode.swift; path = FCBStrings.swift; sourceTree = "<group>"; };
		46C30756263311190022493F /* FCBHomeMealModel.swift */ = {isa = PBXFileReference; lastKnownFileType = sourcecode.swift; path = FCBHomeMealModel.swift; sourceTree = "<group>"; };
		46C30782263322B70022493F /* FCBDBHelper.swift */ = {isa = PBXFileReference; lastKnownFileType = sourcecode.swift; path = FCBDBHelper.swift; sourceTree = "<group>"; };
		46C30786263340FB0022493F /* FCBSearchViewController.swift */ = {isa = PBXFileReference; lastKnownFileType = sourcecode.swift; path = FCBSearchViewController.swift; sourceTree = "<group>"; };
		67F7169CEDAF643E22F93C8E /* Pods-Foody Cook Book.release.xcconfig */ = {isa = PBXFileReference; includeInIndex = 1; lastKnownFileType = text.xcconfig; name = "Pods-Foody Cook Book.release.xcconfig"; path = "Pods/Target Support Files/Pods-Foody Cook Book/Pods-Foody Cook Book.release.xcconfig"; sourceTree = "<group>"; };
		CCE46E6C0A02FD8890C7EB3D /* Pods_Foody_Cook_Book.framework */ = {isa = PBXFileReference; explicitFileType = wrapper.framework; includeInIndex = 0; path = Pods_Foody_Cook_Book.framework; sourceTree = BUILT_PRODUCTS_DIR; };
/* End PBXFileReference section */

/* Begin PBXFrameworksBuildPhase section */
		46C306B32631CB9E0022493F /* Frameworks */ = {
			isa = PBXFrameworksBuildPhase;
			buildActionMask = 2147483647;
			files = (
				4798C5C9F406D5A31D22A74A /* Pods_Foody_Cook_Book.framework in Frameworks */,
			);
			runOnlyForDeploymentPostprocessing = 0;
		};
/* End PBXFrameworksBuildPhase section */

/* Begin PBXGroup section */
		09766067D4F0FD07086E29CB /* Frameworks */ = {
			isa = PBXGroup;
			children = (
				CCE46E6C0A02FD8890C7EB3D /* Pods_Foody_Cook_Book.framework */,
			);
			name = Frameworks;
			sourceTree = "<group>";
		};
		46C306AD2631CB9E0022493F = {
			isa = PBXGroup;
			children = (
				46C306B82631CB9E0022493F /* Foody Cook Book */,
				46C306B72631CB9E0022493F /* Products */,
				75CBD662DF739EAF50FE4F4C /* Pods */,
				09766067D4F0FD07086E29CB /* Frameworks */,
			);
			sourceTree = "<group>";
		};
		46C306B72631CB9E0022493F /* Products */ = {
			isa = PBXGroup;
			children = (
				46C306B62631CB9E0022493F /* Foody Cook Book.app */,
			);
			name = Products;
			sourceTree = "<group>";
		};
		46C306B82631CB9E0022493F /* Foody Cook Book */ = {
			isa = PBXGroup;
			children = (
				46C307252632D9E40022493F /* EndPoints */,
				46C3071A2632D95F0022493F /* Utils */,
				46C306FF2632BA0D0022493F /* View */,
				46C306D32631DE090022493F /* Model */,
				46C306D22631DDF20022493F /* Service */,
				46C306D02631D7780022493F /* ViewControllers */,
				46C306CF2631D76E0022493F /* Storyboard */,
				46C306B92631CB9E0022493F /* AppDelegate.swift */,
				46C306BB2631CB9E0022493F /* SceneDelegate.swift */,
				46C306C22631CBA00022493F /* Assets.xcassets */,
				46C306C72631CBA00022493F /* Info.plist */,
			);
			path = "Foody Cook Book";
			sourceTree = "<group>";
		};
		46C306CF2631D76E0022493F /* Storyboard */ = {
			isa = PBXGroup;
			children = (
				46C306C42631CBA00022493F /* LaunchScreen.storyboard */,
				46C306BF2631CB9E0022493F /* Main.storyboard */,
			);
			path = Storyboard;
			sourceTree = "<group>";
		};
		46C306D02631D7780022493F /* ViewControllers */ = {
			isa = PBXGroup;
			children = (
				46C306FB2632B9CB0022493F /* FCBHomeCollectionViewController.swift */,
				46C307042632C27F0022493F /* FCBFoodDetailsViewController.swift */,
				46C30786263340FB0022493F /* FCBSearchViewController.swift */,
			);
			path = ViewControllers;
			sourceTree = "<group>";
		};
		46C306D22631DDF20022493F /* Service */ = {
			isa = PBXGroup;
			children = (
				46C306DE2631DF360022493F /* FCBHomeFoodService.swift */,
				46C306E52631DF660022493F /* FCBSearchFoodService.swift */,
				46C3074A26330B400022493F /* FCBCategoryService.swift */,
			);
			path = Service;
			sourceTree = "<group>";
		};
		46C306D32631DE090022493F /* Model */ = {
			isa = PBXGroup;
			children = (
				46C3077D263321770022493F /* DB */,
				46C306E82631DF790022493F /* FCBSearchModel.swift */,
				46C307322632E17A0022493F /* FCBNetworkManager.swift */,
				46C307412632E7860022493F /* FCBFoodCategoriesModel.swift */,
				46C30756263311190022493F /* FCBHomeMealModel.swift */,
			);
			path = Model;
			sourceTree = "<group>";
		};
		46C306FF2632BA0D0022493F /* View */ = {
			isa = PBXGroup;
			children = (
				46C307002632BA240022493F /* FCBHomeProductCollectionViewCell.swift */,
			);
			path = View;
			sourceTree = "<group>";
		};
		46C3071A2632D95F0022493F /* Utils */ = {
			isa = PBXGroup;
			children = (
				46C3071B2632D97D0022493F /* FCBNetworkReachabilityManager.swift */,
				46C3071E2632D9A00022493F /* UIImageView+Extensions.swift */,
				46C3075326330EE80022493F /* FCBStrings.swift */,
			);
			path = Utils;
			sourceTree = "<group>";
		};
		46C307252632D9E40022493F /* EndPoints */ = {
			isa = PBXGroup;
			children = (
				46C307212632D9C80022493F /* FCBEndPoints.swift */,
			);
			path = EndPoints;
			sourceTree = "<group>";
		};
		46C3077D263321770022493F /* DB */ = {
			isa = PBXGroup;
			children = (
				46C30782263322B70022493F /* FCBDBHelper.swift */,
			);
			path = DB;
			sourceTree = "<group>";
		};
		75CBD662DF739EAF50FE4F4C /* Pods */ = {
			isa = PBXGroup;
			children = (
				29871CA480A931A430C8494D /* Pods-Foody Cook Book.debug.xcconfig */,
				67F7169CEDAF643E22F93C8E /* Pods-Foody Cook Book.release.xcconfig */,
			);
			name = Pods;
			sourceTree = "<group>";
		};
/* End PBXGroup section */

/* Begin PBXNativeTarget section */
		46C306B52631CB9E0022493F /* Foody Cook Book */ = {
			isa = PBXNativeTarget;
			buildConfigurationList = 46C306CA2631CBA00022493F /* Build configuration list for PBXNativeTarget "Foody Cook Book" */;
			buildPhases = (
				B190B849B2586479D2A36737 /* [CP] Check Pods Manifest.lock */,
				46C306B22631CB9E0022493F /* Sources */,
				46C306B32631CB9E0022493F /* Frameworks */,
				46C306B42631CB9E0022493F /* Resources */,
				72FBE21FB432D5F0FF6B1ECB /* [CP] Embed Pods Frameworks */,
			);
			buildRules = (
			);
			dependencies = (
			);
			name = "Foody Cook Book";
			productName = "Foody Cook Book";
			productReference = 46C306B62631CB9E0022493F /* Foody Cook Book.app */;
			productType = "com.apple.product-type.application";
		};
/* End PBXNativeTarget section */

/* Begin PBXProject section */
		46C306AE2631CB9E0022493F /* Project object */ = {
			isa = PBXProject;
			attributes = {
				LastSwiftUpdateCheck = 1240;
				LastUpgradeCheck = 1240;
				TargetAttributes = {
					46C306B52631CB9E0022493F = {
						CreatedOnToolsVersion = 12.4;
					};
				};
			};
			buildConfigurationList = 46C306B12631CB9E0022493F /* Build configuration list for PBXProject "Foody Cook Book" */;
			compatibilityVersion = "Xcode 9.3";
			developmentRegion = en;
			hasScannedForEncodings = 0;
			knownRegions = (
				en,
				Base,
			);
			mainGroup = 46C306AD2631CB9E0022493F;
			productRefGroup = 46C306B72631CB9E0022493F /* Products */;
			projectDirPath = "";
			projectRoot = "";
			targets = (
				46C306B52631CB9E0022493F /* Foody Cook Book */,
			);
		};
/* End PBXProject section */

/* Begin PBXResourcesBuildPhase section */
		46C306B42631CB9E0022493F /* Resources */ = {
			isa = PBXResourcesBuildPhase;
			buildActionMask = 2147483647;
			files = (
				46C306C62631CBA00022493F /* LaunchScreen.storyboard in Resources */,
				46C306C32631CBA00022493F /* Assets.xcassets in Resources */,
				46C306C12631CB9E0022493F /* Main.storyboard in Resources */,
			);
			runOnlyForDeploymentPostprocessing = 0;
		};
/* End PBXResourcesBuildPhase section */

/* Begin PBXShellScriptBuildPhase section */
		72FBE21FB432D5F0FF6B1ECB /* [CP] Embed Pods Frameworks */ = {
			isa = PBXShellScriptBuildPhase;
			buildActionMask = 2147483647;
			files = (
			);
			inputPaths = (
				"${SRCROOT}/Pods/Target Support Files/Pods-Foody Cook Book/Pods-Foody Cook Book-frameworks.sh",
				"${BUILT_PRODUCTS_DIR}/DropDown/DropDown.framework",
				"${BUILT_PRODUCTS_DIR}/KSToastView/KSToastView.framework",
				"${BUILT_PRODUCTS_DIR}/Kingfisher/Kingfisher.framework",
				"${BUILT_PRODUCTS_DIR}/ReachabilitySwift/Reachability.framework",
				"${BUILT_PRODUCTS_DIR}/SVProgressHUD/SVProgressHUD.framework",
			);
			name = "[CP] Embed Pods Frameworks";
			outputPaths = (
				"${TARGET_BUILD_DIR}/${FRAMEWORKS_FOLDER_PATH}/DropDown.framework",
				"${TARGET_BUILD_DIR}/${FRAMEWORKS_FOLDER_PATH}/KSToastView.framework",
				"${TARGET_BUILD_DIR}/${FRAMEWORKS_FOLDER_PATH}/Kingfisher.framework",
				"${TARGET_BUILD_DIR}/${FRAMEWORKS_FOLDER_PATH}/Reachability.framework",
				"${TARGET_BUILD_DIR}/${FRAMEWORKS_FOLDER_PATH}/SVProgressHUD.framework",
			);
			runOnlyForDeploymentPostprocessing = 0;
			shellPath = /bin/sh;
			shellScript = "\"${SRCROOT}/Pods/Target Support Files/Pods-Foody Cook Book/Pods-Foody Cook Book-frameworks.sh\"\n";
			showEnvVarsInLog = 0;
		};
		B190B849B2586479D2A36737 /* [CP] Check Pods Manifest.lock */ = {
			isa = PBXShellScriptBuildPhase;
			buildActionMask = 2147483647;
			files = (
			);
			inputPaths = (
				"${PODS_PODFILE_DIR_PATH}/Podfile.lock",
				"${PODS_ROOT}/Manifest.lock",
			);
			name = "[CP] Check Pods Manifest.lock";
			outputPaths = (
				"$(DERIVED_FILE_DIR)/Pods-Foody Cook Book-checkManifestLockResult.txt",
			);
			runOnlyForDeploymentPostprocessing = 0;
			shellPath = /bin/sh;
			shellScript = "diff \"${PODS_PODFILE_DIR_PATH}/Podfile.lock\" \"${PODS_ROOT}/Manifest.lock\" > /dev/null\nif [ $? != 0 ] ; then\n    # print error to STDERR\n    echo \"error: The sandbox is not in sync with the Podfile.lock. Run 'pod install' or update your CocoaPods installation.\" >&2\n    exit 1\nfi\n# This output is used by Xcode 'outputs' to avoid re-running this script phase.\necho \"SUCCESS\" > \"${SCRIPT_OUTPUT_FILE_0}\"\n";
			showEnvVarsInLog = 0;
		};
/* End PBXShellScriptBuildPhase section */

/* Begin PBXSourcesBuildPhase section */
		46C306B22631CB9E0022493F /* Sources */ = {
			isa = PBXSourcesBuildPhase;
			buildActionMask = 2147483647;
			files = (
				46C3071F2632D9A00022493F /* UIImageView+Extensions.swift in Sources */,
				46C30783263322B70022493F /* FCBDBHelper.swift in Sources */,
				46C307422632E7860022493F /* FCBFoodCategoriesModel.swift in Sources */,
				46C3071C2632D97D0022493F /* FCBNetworkReachabilityManager.swift in Sources */,
				46C306DF2631DF360022493F /* FCBHomeFoodService.swift in Sources */,
				46C306BA2631CB9E0022493F /* AppDelegate.swift in Sources */,
				46C30787263340FB0022493F /* FCBSearchViewController.swift in Sources */,
				46C306FC2632B9CB0022493F /* FCBHomeCollectionViewController.swift in Sources */,
				46C30757263311190022493F /* FCBHomeMealModel.swift in Sources */,
				46C307332632E17A0022493F /* FCBNetworkManager.swift in Sources */,
				46C306BC2631CB9E0022493F /* SceneDelegate.swift in Sources */,
				46C306E62631DF660022493F /* FCBSearchFoodService.swift in Sources */,
				46C307012632BA240022493F /* FCBHomeProductCollectionViewCell.swift in Sources */,
				46C3075426330EE80022493F /* FCBStrings.swift in Sources */,
				46C307222632D9C80022493F /* FCBEndPoints.swift in Sources */,
				46C307052632C27F0022493F /* FCBFoodDetailsViewController.swift in Sources */,
				46C306E92631DF790022493F /* FCBSearchModel.swift in Sources */,
				46C3074B26330B400022493F /* FCBCategoryService.swift in Sources */,
			);
			runOnlyForDeploymentPostprocessing = 0;
		};
/* End PBXSourcesBuildPhase section */

/* Begin PBXVariantGroup section */
		46C306BF2631CB9E0022493F /* Main.storyboard */ = {
			isa = PBXVariantGroup;
			children = (
				46C306C02631CB9E0022493F /* Base */,
			);
			name = Main.storyboard;
			sourceTree = "<group>";
		};
		46C306C42631CBA00022493F /* LaunchScreen.storyboard */ = {
			isa = PBXVariantGroup;
			children = (
				46C306C52631CBA00022493F /* Base */,
			);
			name = LaunchScreen.storyboard;
			sourceTree = "<group>";
		};
/* End PBXVariantGroup section */

/* Begin XCBuildConfiguration section */
		46C306C82631CBA00022493F /* Debug */ = {
			isa = XCBuildConfiguration;
			buildSettings = {
				ALWAYS_SEARCH_USER_PATHS = NO;
				CLANG_ANALYZER_NONNULL = YES;
				CLANG_ANALYZER_NUMBER_OBJECT_CONVERSION = YES_AGGRESSIVE;
				CLANG_CXX_LANGUAGE_STANDARD = "gnu++14";
				CLANG_CXX_LIBRARY = "libc++";
				CLANG_ENABLE_MODULES = YES;
				CLANG_ENABLE_OBJC_ARC = YES;
				CLANG_ENABLE_OBJC_WEAK = YES;
				CLANG_WARN_BLOCK_CAPTURE_AUTORELEASING = YES;
				CLANG_WARN_BOOL_CONVERSION = YES;
				CLANG_WARN_COMMA = YES;
				CLANG_WARN_CONSTANT_CONVERSION = YES;
				CLANG_WARN_DEPRECATED_OBJC_IMPLEMENTATIONS = YES;
				CLANG_WARN_DIRECT_OBJC_ISA_USAGE = YES_ERROR;
				CLANG_WARN_DOCUMENTATION_COMMENTS = YES;
				CLANG_WARN_EMPTY_BODY = YES;
				CLANG_WARN_ENUM_CONVERSION = YES;
				CLANG_WARN_INFINITE_RECURSION = YES;
				CLANG_WARN_INT_CONVERSION = YES;
				CLANG_WARN_NON_LITERAL_NULL_CONVERSION = YES;
				CLANG_WARN_OBJC_IMPLICIT_RETAIN_SELF = YES;
				CLANG_WARN_OBJC_LITERAL_CONVERSION = YES;
				CLANG_WARN_OBJC_ROOT_CLASS = YES_ERROR;
				CLANG_WARN_QUOTED_INCLUDE_IN_FRAMEWORK_HEADER = YES;
				CLANG_WARN_RANGE_LOOP_ANALYSIS = YES;
				CLANG_WARN_STRICT_PROTOTYPES = YES;
				CLANG_WARN_SUSPICIOUS_MOVE = YES;
				CLANG_WARN_UNGUARDED_AVAILABILITY = YES_AGGRESSIVE;
				CLANG_WARN_UNREACHABLE_CODE = YES;
				CLANG_WARN__DUPLICATE_METHOD_MATCH = YES;
				COPY_PHASE_STRIP = NO;
				DEBUG_INFORMATION_FORMAT = dwarf;
				ENABLE_STRICT_OBJC_MSGSEND = YES;
				ENABLE_TESTABILITY = YES;
				GCC_C_LANGUAGE_STANDARD = gnu11;
				GCC_DYNAMIC_NO_PIC = NO;
				GCC_NO_COMMON_BLOCKS = YES;
				GCC_OPTIMIZATION_LEVEL = 0;
				GCC_PREPROCESSOR_DEFINITIONS = (
					"DEBUG=1",
					"$(inherited)",
				);
				GCC_WARN_64_TO_32_BIT_CONVERSION = YES;
				GCC_WARN_ABOUT_RETURN_TYPE = YES_ERROR;
				GCC_WARN_UNDECLARED_SELECTOR = YES;
				GCC_WARN_UNINITIALIZED_AUTOS = YES_AGGRESSIVE;
				GCC_WARN_UNUSED_FUNCTION = YES;
				GCC_WARN_UNUSED_VARIABLE = YES;
				IPHONEOS_DEPLOYMENT_TARGET = 14.4;
				MTL_ENABLE_DEBUG_INFO = INCLUDE_SOURCE;
				MTL_FAST_MATH = YES;
				ONLY_ACTIVE_ARCH = YES;
				SDKROOT = iphoneos;
				SWIFT_ACTIVE_COMPILATION_CONDITIONS = DEBUG;
				SWIFT_OPTIMIZATION_LEVEL = "-Onone";
			};
			name = Debug;
		};
		46C306C92631CBA00022493F /* Release */ = {
			isa = XCBuildConfiguration;
			buildSettings = {
				ALWAYS_SEARCH_USER_PATHS = NO;
				CLANG_ANALYZER_NONNULL = YES;
				CLANG_ANALYZER_NUMBER_OBJECT_CONVERSION = YES_AGGRESSIVE;
				CLANG_CXX_LANGUAGE_STANDARD = "gnu++14";
				CLANG_CXX_LIBRARY = "libc++";
				CLANG_ENABLE_MODULES = YES;
				CLANG_ENABLE_OBJC_ARC = YES;
				CLANG_ENABLE_OBJC_WEAK = YES;
				CLANG_WARN_BLOCK_CAPTURE_AUTORELEASING = YES;
				CLANG_WARN_BOOL_CONVERSION = YES;
				CLANG_WARN_COMMA = YES;
				CLANG_WARN_CONSTANT_CONVERSION = YES;
				CLANG_WARN_DEPRECATED_OBJC_IMPLEMENTATIONS = YES;
				CLANG_WARN_DIRECT_OBJC_ISA_USAGE = YES_ERROR;
				CLANG_WARN_DOCUMENTATION_COMMENTS = YES;
				CLANG_WARN_EMPTY_BODY = YES;
				CLANG_WARN_ENUM_CONVERSION = YES;
				CLANG_WARN_INFINITE_RECURSION = YES;
				CLANG_WARN_INT_CONVERSION = YES;
				CLANG_WARN_NON_LITERAL_NULL_CONVERSION = YES;
				CLANG_WARN_OBJC_IMPLICIT_RETAIN_SELF = YES;
				CLANG_WARN_OBJC_LITERAL_CONVERSION = YES;
				CLANG_WARN_OBJC_ROOT_CLASS = YES_ERROR;
				CLANG_WARN_QUOTED_INCLUDE_IN_FRAMEWORK_HEADER = YES;
				CLANG_WARN_RANGE_LOOP_ANALYSIS = YES;
				CLANG_WARN_STRICT_PROTOTYPES = YES;
				CLANG_WARN_SUSPICIOUS_MOVE = YES;
				CLANG_WARN_UNGUARDED_AVAILABILITY = YES_AGGRESSIVE;
				CLANG_WARN_UNREACHABLE_CODE = YES;
				CLANG_WARN__DUPLICATE_METHOD_MATCH = YES;
				COPY_PHASE_STRIP = NO;
				DEBUG_INFORMATION_FORMAT = "dwarf-with-dsym";
				ENABLE_NS_ASSERTIONS = NO;
				ENABLE_STRICT_OBJC_MSGSEND = YES;
				GCC_C_LANGUAGE_STANDARD = gnu11;
				GCC_NO_COMMON_BLOCKS = YES;
				GCC_WARN_64_TO_32_BIT_CONVERSION = YES;
				GCC_WARN_ABOUT_RETURN_TYPE = YES_ERROR;
				GCC_WARN_UNDECLARED_SELECTOR = YES;
				GCC_WARN_UNINITIALIZED_AUTOS = YES_AGGRESSIVE;
				GCC_WARN_UNUSED_FUNCTION = YES;
				GCC_WARN_UNUSED_VARIABLE = YES;
				IPHONEOS_DEPLOYMENT_TARGET = 14.4;
				MTL_ENABLE_DEBUG_INFO = NO;
				MTL_FAST_MATH = YES;
				SDKROOT = iphoneos;
				SWIFT_COMPILATION_MODE = wholemodule;
				SWIFT_OPTIMIZATION_LEVEL = "-O";
				VALIDATE_PRODUCT = YES;
			};
			name = Release;
		};
		46C306CB2631CBA00022493F /* Debug */ = {
			isa = XCBuildConfiguration;
			baseConfigurationReference = 29871CA480A931A430C8494D /* Pods-Foody Cook Book.debug.xcconfig */;
			buildSettings = {
				ASSETCATALOG_COMPILER_APPICON_NAME = AppIcon;
				ASSETCATALOG_COMPILER_GLOBAL_ACCENT_COLOR_NAME = AccentColor;
				CODE_SIGN_STYLE = Automatic;
				INFOPLIST_FILE = "Foody Cook Book/Info.plist";
				LD_RUNPATH_SEARCH_PATHS = (
					"$(inherited)",
					"@executable_path/Frameworks",
				);
				PRODUCT_BUNDLE_IDENTIFIER = "com.boolean.Foody-Cook-Book";
				PRODUCT_NAME = "$(TARGET_NAME)";
				SWIFT_VERSION = 5.0;
				TARGETED_DEVICE_FAMILY = "1,2";
			};
			name = Debug;
		};
		46C306CC2631CBA00022493F /* Release */ = {
			isa = XCBuildConfiguration;
			baseConfigurationReference = 67F7169CEDAF643E22F93C8E /* Pods-Foody Cook Book.release.xcconfig */;
			buildSettings = {
				ASSETCATALOG_COMPILER_APPICON_NAME = AppIcon;
				ASSETCATALOG_COMPILER_GLOBAL_ACCENT_COLOR_NAME = AccentColor;
				CODE_SIGN_STYLE = Automatic;
				INFOPLIST_FILE = "Foody Cook Book/Info.plist";
				LD_RUNPATH_SEARCH_PATHS = (
					"$(inherited)",
					"@executable_path/Frameworks",
				);
				PRODUCT_BUNDLE_IDENTIFIER = "com.boolean.Foody-Cook-Book";
				PRODUCT_NAME = "$(TARGET_NAME)";
				SWIFT_VERSION = 5.0;
				TARGETED_DEVICE_FAMILY = "1,2";
			};
			name = Release;
		};
/* End XCBuildConfiguration section */

/* Begin XCConfigurationList section */
		46C306B12631CB9E0022493F /* Build configuration list for PBXProject "Foody Cook Book" */ = {
			isa = XCConfigurationList;
			buildConfigurations = (
				46C306C82631CBA00022493F /* Debug */,
				46C306C92631CBA00022493F /* Release */,
			);
			defaultConfigurationIsVisible = 0;
			defaultConfigurationName = Release;
		};
		46C306CA2631CBA00022493F /* Build configuration list for PBXNativeTarget "Foody Cook Book" */ = {
			isa = XCConfigurationList;
			buildConfigurations = (
				46C306CB2631CBA00022493F /* Debug */,
				46C306CC2631CBA00022493F /* Release */,
			);
			defaultConfigurationIsVisible = 0;
			defaultConfigurationName = Release;
		};
/* End XCConfigurationList section */
	};
	rootObject = 46C306AE2631CB9E0022493F /* Project object */;
}
